
Microsoft Visual Studio Solution File, Format Version 12.00
# Visual Studio 15
Project("{FAE04EC0-301F-11D3-BF4B-00C04F79EFBC}") = "TrackerLibrary", "TrackerLibrary\TrackerLibrary.csproj", "{6AD33742-90BC-4B90-9206-3EAAF16836DD}"
EndProject
Global
	GlobalSection(SolutionConfigurationPlatforms) = preSolution
		Debug|Any CPU = Debug|Any CPU
		Release|Any CPU = Release|Any CPU
	EndGlobalSection
	GlobalSection(ProjectConfigurationPlatforms) = postSolution
		{6AD33742-90BC-4B90-9206-3EAAF16836DD}.Debug|Any CPU.ActiveCfg = Debug|Any CPU
		{6AD33742-90BC-4B90-9206-3EAAF16836DD}.Debug|Any CPU.Build.0 = Debug|Any CPU
		{6AD33742-90BC-4B90-9206-3EAAF16836DD}.Release|Any CPU.ActiveCfg = Release|Any CPU
		{6AD33742-90BC-4B90-9206-3EAAF16836DD}.Release|Any CPU.Build.0 = Release|Any CPU
	EndGlobalSection
EndGlobal
