Microsoft Visual Studio Solution File, Format Version 12.00
# Visual Studio Version 16
VisualStudioVersion = 16.0.30406.217
MinimumVisualStudioVersion = 10.0.40219.1
Project("{9A19103F-16F7-4668-BE54-9A1E7A4F7556}") = "TrackerLibrary", "TrackerLibrary\TrackerLibrary.csproj", "{6AD33742-90BC-4B90-9206-3EAAF16836DD}"
EndProject
Project("{FAE04EC0-301F-11D3-BF4B-00C04F79EFBC}") = "TrackerUI", "TrackerUI\TrackerUI.csproj", "{4E37F640-6142-425F-94A6-B805AFE94394}"
EndProject
Global
	GlobalSection(SolutionConfigurationPlatforms) = preSolution
		Debug|Any CPU = Debug|Any CPU
		Release|Any CPU = Release|Any CPU
	EndGlobalSection
	GlobalSection(ProjectConfigurationPlatforms) = postSolution
		{6AD33742-90BC-4B90-9206-3EAAF16836DD}.Debug|Any CPU.ActiveCfg = Debug|Any CPU
		{6AD33742-90BC-4B90-9206-3EAAF16836DD}.Debug|Any CPU.Build.0 = Debug|Any CPU
		{6AD33742-90BC-4B90-9206-3EAAF16836DD}.Release|Any CPU.ActiveCfg = Release|Any CPU
		{6AD33742-90BC-4B90-9206-3EAAF16836DD}.Release|Any CPU.Build.0 = Release|Any CPU
		{4E37F640-6142-425F-94A6-B805AFE94394}.Debug|Any CPU.ActiveCfg = Debug|Any CPU
		{4E37F640-6142-425F-94A6-B805AFE94394}.Debug|Any CPU.Build.0 = Debug|Any CPU
		{4E37F640-6142-425F-94A6-B805AFE94394}.Release|Any CPU.ActiveCfg = Release|Any CPU
		{4E37F640-6142-425F-94A6-B805AFE94394}.Release|Any CPU.Build.0 = Release|Any CPU
	EndGlobalSection
	GlobalSection(SolutionProperties) = preSolution
		HideSolutionNode = FALSE
	EndGlobalSection
	GlobalSection(ExtensibilityGlobals) = postSolution
		SolutionGuid = {7279A84B-80B1-4DC7-95BB-56C199B78D92}
	EndGlobalSection
EndGlobal
